
Microsoft Visual Studio Solution File, Format Version 12.00
# Visual Studio Version 17
VisualStudioVersion = 17.5.2.0
MinimumVisualStudioVersion = 10.0.40219.1
Project("{FAE04EC0-301F-11D3-BF4B-00C04F79EFBC}") = "Contoso-FunctionsApp", "Contoso-FunctionsApp\Contoso-FunctionsApp.csproj", "{E4918F8C-24FF-4582-A995-5CA3BB831190}"
EndProject
Project("{FAE04EC0-301F-11D3-BF4B-00C04F79EFBC}") = "Contoso.Utilities.Logging", "Contoso.Utilities.Logging\Contoso.Utilities.Logging.csproj", "{AF2E7982-2550-4B7D-A0C2-8112382AC9AF}"
EndProject
Project("{FAE04EC0-301F-11D3-BF4B-00C04F79EFBC}") = "Contoso.Infrastructure.Core", "Contoso.Infrastructure.Core\Contoso.Infrastructure.Core.csproj", "{C59B7643-6157-43E6-A914-ABFD12FA5BEA}"
EndProject
Project("{FAE04EC0-301F-11D3-BF4B-00C04F79EFBC}") = "Contoso.Infrastructure.Context", "Contoso.Infrastructure.Context\Contoso.Infrastructure.Context.csproj", "{E8F68B16-D1C1-4987-B89A-04D20F84A1B9}"
EndProject
Project("{FAE04EC0-301F-11D3-BF4B-00C04F79EFBC}") = "Contoso.Infrastructure.Messaging", "Contoso.Infrastructure.Messaging\Contoso.Infrastructure.Messaging.csproj", "{C5E09C8B-53CA-4ADA-AC30-DDF36F8E16ED}"
EndProject
Global
	GlobalSection(SolutionConfigurationPlatforms) = preSolution
		Debug|Any CPU = Debug|Any CPU
		Debug|x64 = Debug|x64
		Debug|x86 = Debug|x86
		Release|Any CPU = Release|Any CPU
		Release|x64 = Release|x64
		Release|x86 = Release|x86
	EndGlobalSection
	GlobalSection(ProjectConfigurationPlatforms) = postSolution
		{E4918F8C-24FF-4582-A995-5CA3BB831190}.Debug|Any CPU.ActiveCfg = Debug|Any CPU
		{E4918F8C-24FF-4582-A995-5CA3BB831190}.Debug|Any CPU.Build.0 = Debug|Any CPU
		{E4918F8C-24FF-4582-A995-5CA3BB831190}.Debug|x64.ActiveCfg = Debug|Any CPU
		{E4918F8C-24FF-4582-A995-5CA3BB831190}.Debug|x64.Build.0 = Debug|Any CPU
		{E4918F8C-24FF-4582-A995-5CA3BB831190}.Debug|x86.ActiveCfg = Debug|Any CPU
		{E4918F8C-24FF-4582-A995-5CA3BB831190}.Debug|x86.Build.0 = Debug|Any CPU
		{E4918F8C-24FF-4582-A995-5CA3BB831190}.Release|Any CPU.ActiveCfg = Release|Any CPU
		{E4918F8C-24FF-4582-A995-5CA3BB831190}.Release|Any CPU.Build.0 = Release|Any CPU
		{E4918F8C-24FF-4582-A995-5CA3BB831190}.Release|x64.ActiveCfg = Release|Any CPU
		{E4918F8C-24FF-4582-A995-5CA3BB831190}.Release|x64.Build.0 = Release|Any CPU
		{E4918F8C-24FF-4582-A995-5CA3BB831190}.Release|x86.ActiveCfg = Release|Any CPU
		{E4918F8C-24FF-4582-A995-5CA3BB831190}.Release|x86.Build.0 = Release|Any CPU
		{AF2E7982-2550-4B7D-A0C2-8112382AC9AF}.Debug|Any CPU.ActiveCfg = Debug|Any CPU
		{AF2E7982-2550-4B7D-A0C2-8112382AC9AF}.Debug|Any CPU.Build.0 = Debug|Any CPU
		{AF2E7982-2550-4B7D-A0C2-8112382AC9AF}.Debug|x64.ActiveCfg = Debug|Any CPU
		{AF2E7982-2550-4B7D-A0C2-8112382AC9AF}.Debug|x64.Build.0 = Debug|Any CPU
		{AF2E7982-2550-4B7D-A0C2-8112382AC9AF}.Debug|x86.ActiveCfg = Debug|Any CPU
		{AF2E7982-2550-4B7D-A0C2-8112382AC9AF}.Debug|x86.Build.0 = Debug|Any CPU
		{AF2E7982-2550-4B7D-A0C2-8112382AC9AF}.Release|Any CPU.ActiveCfg = Release|Any CPU
		{AF2E7982-2550-4B7D-A0C2-8112382AC9AF}.Release|Any CPU.Build.0 = Release|Any CPU
		{AF2E7982-2550-4B7D-A0C2-8112382AC9AF}.Release|x64.ActiveCfg = Release|Any CPU
		{AF2E7982-2550-4B7D-A0C2-8112382AC9AF}.Release|x64.Build.0 = Release|Any CPU
		{AF2E7982-2550-4B7D-A0C2-8112382AC9AF}.Release|x86.ActiveCfg = Release|Any CPU
		{AF2E7982-2550-4B7D-A0C2-8112382AC9AF}.Release|x86.Build.0 = Release|Any CPU
		{C59B7643-6157-43E6-A914-ABFD12FA5BEA}.Debug|Any CPU.ActiveCfg = Debug|Any CPU
		{C59B7643-6157-43E6-A914-ABFD12FA5BEA}.Debug|Any CPU.Build.0 = Debug|Any CPU
		{C59B7643-6157-43E6-A914-ABFD12FA5BEA}.Debug|x64.ActiveCfg = Debug|Any CPU
		{C59B7643-6157-43E6-A914-ABFD12FA5BEA}.Debug|x64.Build.0 = Debug|Any CPU
		{C59B7643-6157-43E6-A914-ABFD12FA5BEA}.Debug|x86.ActiveCfg = Debug|Any CPU
		{C59B7643-6157-43E6-A914-ABFD12FA5BEA}.Debug|x86.Build.0 = Debug|Any CPU
		{C59B7643-6157-43E6-A914-ABFD12FA5BEA}.Release|Any CPU.ActiveCfg = Release|Any CPU
		{C59B7643-6157-43E6-A914-ABFD12FA5BEA}.Release|Any CPU.Build.0 = Release|Any CPU
		{C59B7643-6157-43E6-A914-ABFD12FA5BEA}.Release|x64.ActiveCfg = Release|Any CPU
		{C59B7643-6157-43E6-A914-ABFD12FA5BEA}.Release|x64.Build.0 = Release|Any CPU
		{C59B7643-6157-43E6-A914-ABFD12FA5BEA}.Release|x86.ActiveCfg = Release|Any CPU
		{C59B7643-6157-43E6-A914-ABFD12FA5BEA}.Release|x86.Build.0 = Release|Any CPU
		{E8F68B16-D1C1-4987-B89A-04D20F84A1B9}.Debug|Any CPU.ActiveCfg = Debug|Any CPU
		{E8F68B16-D1C1-4987-B89A-04D20F84A1B9}.Debug|Any CPU.Build.0 = Debug|Any CPU
		{E8F68B16-D1C1-4987-B89A-04D20F84A1B9}.Debug|x64.ActiveCfg = Debug|Any CPU
		{E8F68B16-D1C1-4987-B89A-04D20F84A1B9}.Debug|x64.Build.0 = Debug|Any CPU
		{E8F68B16-D1C1-4987-B89A-04D20F84A1B9}.Debug|x86.ActiveCfg = Debug|Any CPU
		{E8F68B16-D1C1-4987-B89A-04D20F84A1B9}.Debug|x86.Build.0 = Debug|Any CPU
		{E8F68B16-D1C1-4987-B89A-04D20F84A1B9}.Release|Any CPU.ActiveCfg = Release|Any CPU
		{E8F68B16-D1C1-4987-B89A-04D20F84A1B9}.Release|Any CPU.Build.0 = Release|Any CPU
		{E8F68B16-D1C1-4987-B89A-04D20F84A1B9}.Release|x64.ActiveCfg = Release|Any CPU
		{E8F68B16-D1C1-4987-B89A-04D20F84A1B9}.Release|x64.Build.0 = Release|Any CPU
		{E8F68B16-D1C1-4987-B89A-04D20F84A1B9}.Release|x86.ActiveCfg = Release|Any CPU
		{E8F68B16-D1C1-4987-B89A-04D20F84A1B9}.Release|x86.Build.0 = Release|Any CPU
		{C5E09C8B-53CA-4ADA-AC30-DDF36F8E16ED}.Debug|Any CPU.ActiveCfg = Debug|Any CPU
		{C5E09C8B-53CA-4ADA-AC30-DDF36F8E16ED}.Debug|Any CPU.Build.0 = Debug|Any CPU
		{C5E09C8B-53CA-4ADA-AC30-DDF36F8E16ED}.Debug|x64.ActiveCfg = Debug|Any CPU
		{C5E09C8B-53CA-4ADA-AC30-DDF36F8E16ED}.Debug|x64.Build.0 = Debug|Any CPU
		{C5E09C8B-53CA-4ADA-AC30-DDF36F8E16ED}.Debug|x86.ActiveCfg = Debug|Any CPU
		{C5E09C8B-53CA-4ADA-AC30-DDF36F8E16ED}.Debug|x86.Build.0 = Debug|Any CPU
		{C5E09C8B-53CA-4ADA-AC30-DDF36F8E16ED}.Release|Any CPU.ActiveCfg = Release|Any CPU
		{C5E09C8B-53CA-4ADA-AC30-DDF36F8E16ED}.Release|Any CPU.Build.0 = Release|Any CPU
		{C5E09C8B-53CA-4ADA-AC30-DDF36F8E16ED}.Release|x64.ActiveCfg = Release|Any CPU
		{C5E09C8B-53CA-4ADA-AC30-DDF36F8E16ED}.Release|x64.Build.0 = Release|Any CPU
		{C5E09C8B-53CA-4ADA-AC30-DDF36F8E16ED}.Release|x86.ActiveCfg = Release|Any CPU
		{C5E09C8B-53CA-4ADA-AC30-DDF36F8E16ED}.Release|x86.Build.0 = Release|Any CPU
	EndGlobalSection
	GlobalSection(SolutionProperties) = preSolution
		HideSolutionNode = FALSE
	EndGlobalSection
	GlobalSection(ExtensibilityGlobals) = postSolution
		SolutionGuid = {C67188AA-5D7B-434A-B8AB-6E2F8323F849}
	EndGlobalSection
EndGlobal
